<?xml version="1.0" encoding="utf-8"?>
<Project ToolsVersion="4.0" xmlns="http://schemas.microsoft.com/developer/msbuild/2003">
  <ItemGroup>
    <Filter Include="Source Files">
      <UniqueIdentifier>{4FC737F1-C7A5-4376-A066-2A32D752A2FF}</UniqueIdentifier>
      <Extensions>cpp;c;cc;cxx;def;odl;idl;hpj;bat;asm;asmx</Extensions>
    </Filter>
    <Filter Include="Header Files">
      <UniqueIdentifier>{93995380-89BD-4b04-88EB-625FBE52EBFB}</UniqueIdentifier>
      <Extensions>h;hh;hpp;hxx;hm;inl;inc;xsd</Extensions>
    </Filter>
    <Filter Include="Resource Files">
      <UniqueIdentifier>{67DA6AB6-F800-4c08-8B7A-83BB121AAD01}</UniqueIdentifier>
      <Extensions>rc;ico;cur;bmp;dlg;rc2;rct;bin;rgs;gif;jpg;jpeg;jpe;resx;tiff;tif;png;wav;mfcribbon-ms</Extensions>
    </Filter>
  </ItemGroup>
  <ItemGroup>
    <ClCompile Include="src\beam\CBeam.cpp">
      <Filter>Source Files</Filter>
    </ClCompile>
    <ClCompile Include="src\main.cpp">
      <Filter>Source Files</Filter>
    </ClCompile>
    <ClCompile Include="src\ring\CRing.cpp">
      <Filter>Source Files</Filter>
    </ClCompile>
    <ClCompile Include="src\ring\RingConfig.cpp">
      <Filter>Source Files</Filter>
    </ClCompile>
    <ClCompile Include="src\common\logger\Logger.cpp">
      <Filter>Source Files</Filter>
    </ClCompile>
    <ClCompile Include="src\common\plotter\Plotter.cpp">
      <Filter>Source Files</Filter>
    </ClCompile>
    <ClCompile Include="src\analysis\FreqAnalyzer.cpp">
      <Filter>Source Files</Filter>
    </ClCompile>
    <ClCompile Include="src\beam\ParticleCreator\ParticleCreator.cpp">
      <Filter>Source Files</Filter>
    </ClCompile>
    <ClCompile Include="src\devices_2\common\Device.cpp">
      <Filter>Source Files</Filter>
    </ClCompile>
    <ClCompile Include="src\devices_2\matrix\MDevice.cpp">
      <Filter>Source Files</Filter>
    </ClCompile>
    <ClCompile Include="src\devices_2\matrix\MDipole.cpp">
      <Filter>Source Files</Filter>
    </ClCompile>
    <ClCompile Include="src\devices_2\matrix\MQuadrupole.cpp">
      <Filter>Source Files</Filter>
    </ClCompile>
    <ClCompile Include="src\devices_2\matrix\MDrift.cpp">
      <Filter>Source Files</Filter>
    </ClCompile>
    <ClCompile Include="src\devices_2\field\field_map\DeviceFieldMap.cpp">
      <Filter>Source Files</Filter>
    </ClCompile>
    <ClCompile Include="src\devices_2\field\FDevice.cpp">
      <Filter>Source Files</Filter>
    </ClCompile>
    <ClCompile Include="src\devices_2\field_matrix\FMDipole.cpp">
      <Filter>Source Files</Filter>
    </ClCompile>
    <ClCompile Include="src\devices_2\field_matrix\FMDrift.cpp">
      <Filter>Source Files</Filter>
    </ClCompile>
    <ClCompile Include="src\devices_2\field_matrix\FMQuadrupole.cpp">
      <Filter>Source Files</Filter>
    </ClCompile>
    <ClCompile Include="src\beam\BeamConfig.cpp">
      <Filter>Source Files</Filter>
    </ClCompile>
    <ClCompile Include="src\devices_2\field\field_map\ExtendedDeviceFieldMap.cpp">
      <Filter>Source Files</Filter>
    </ClCompile>
    <ClCompile Include="src\devices_2\field\field_map\handler\FieldMapHandler.cpp">
      <Filter>Source Files</Filter>
    </ClCompile>
    <ClCompile Include="src\devices_2\field\field_map\handler\HandlerCreator.cpp">
      <Filter>Source Files</Filter>
    </ClCompile>
    <ClCompile Include="src\devices_2\field\field_map\common\primitives.cpp">
      <Filter>Source Files</Filter>
    </ClCompile>
    <ClCompile Include="src\devices_2\field\field_map\geometry\CurveConverter.cpp">
      <Filter>Source Files</Filter>
    </ClCompile>
    <ClCompile Include="src\devices_2\field\field_map\geometry\PlainConverter.cpp">
      <Filter>Source Files</Filter>
    </ClCompile>
    <ClCompile Include="src\devices_2\field\field_map\handler\physics\coord\CoordBooster.cpp">
      <Filter>Source Files</Filter>
    </ClCompile>
    <ClCompile Include="src\devices_2\field\field_map\handler\physics\coord\CoordTransformation.cpp">
      <Filter>Source Files</Filter>
    </ClCompile>
    <ClCompile Include="src\devices_2\field\field_map\handler\physics\data\FieldMapData.cpp">
      <Filter>Source Files</Filter>
    </ClCompile>
    <ClCompile Include="src\devices_2\field\field_map\handler\physics\data\FieldMapDataReader.cpp">
      <Filter>Source Files</Filter>
    </ClCompile>
    <ClCompile Include="src\devices_2\field\field_map\calculation\helper\GeometryHelper.cpp">
      <Filter>Source Files</Filter>
    </ClCompile>
    <ClCompile Include="src\devices_2\field\field_map\calculation\FCalculator.cpp">
      <Filter>Source Files</Filter>
    </ClCompile>
    <ClCompile Include="src\devices_2\field\FDeviceResolver.cpp">
      <Filter>Source Files</Filter>
    </ClCompile>
    <ClCompile Include="src\devices_2\field\field_map\geometry\ICoordConverter.cpp">
      <Filter>Source Files</Filter>
    </ClCompile>
  </ItemGroup>
  <ItemGroup>
    <ClInclude Include="src\beam\CBeam.h">
      <Filter>Header Files</Filter>
    </ClInclude>
    <ClInclude Include="src\ring\CRing.h">
      <Filter>Header Files</Filter>
    </ClInclude>
    <ClInclude Include="src\global.h">
      <Filter>Header Files</Filter>
    </ClInclude>
    <ClInclude Include="src\ring\RingConfig.h">
      <Filter>Header Files</Filter>
    </ClInclude>
    <ClInclude Include="src\common\logger\Logger.h">
      <Filter>Header Files</Filter>
    </ClInclude>
    <ClInclude Include="src\common\plotter\Plotter.h">
      <Filter>Header Files</Filter>
    </ClInclude>
    <ClInclude Include="src\analysis\FreqAnalyzer.h">
      <Filter>Header Files</Filter>
    </ClInclude>
    <ClInclude Include="src\common\logger\ftoa.h">
      <Filter>Header Files</Filter>
    </ClInclude>
    <ClInclude Include="src\beam\ParticleCreator\ParticleCreator.h">
      <Filter>Header Files</Filter>
    </ClInclude>
    <ClInclude Include="src\beam\Particle.h">
      <Filter>Header Files</Filter>
    </ClInclude>
    <ClInclude Include="src\devices_2\common\Device.h">
      <Filter>Header Files</Filter>
    </ClInclude>
    <ClInclude Include="src\devices_2\common\DeviceParameters.h">
      <Filter>Header Files</Filter>
    </ClInclude>
    <ClInclude Include="src\devices_2\field\FDevice.h">
      <Filter>Header Files</Filter>
    </ClInclude>
    <ClInclude Include="src\devices_2\matrix\MDipole.h">
      <Filter>Header Files</Filter>
    </ClInclude>
    <ClInclude Include="src\devices_2\matrix\MQuadrupole.h">
      <Filter>Header Files</Filter>
    </ClInclude>
    <ClInclude Include="src\devices_2\matrix\MDrift.h">
      <Filter>Header Files</Filter>
    </ClInclude>
    <ClInclude Include="src\devices_2\field_matrix\FMDipole.h">
      <Filter>Header Files</Filter>
    </ClInclude>
    <ClInclude Include="src\devices_2\field_matrix\FMDrift.h">
      <Filter>Header Files</Filter>
    </ClInclude>
    <ClInclude Include="src\devices_2\field_matrix\FMQuadrupole.h">
      <Filter>Header Files</Filter>
    </ClInclude>
    <ClInclude Include="src\devices_2\field\field_map\DeviceFieldMap.h">
      <Filter>Header Files</Filter>
    </ClInclude>
    <ClInclude Include="src\beam\BeamConfig.h">
      <Filter>Header Files</Filter>
    </ClInclude>
    <ClInclude Include="src\devices_2\field\field_map\ExtendedDeviceFieldMap.h">
      <Filter>Header Files</Filter>
    </ClInclude>
    <ClInclude Include="src\devices_2\common\DeviceGeometry.h">
      <Filter>Header Files</Filter>
    </ClInclude>
    <ClInclude Include="src\devices_2\field\field_map\handler\FieldMapHandler.h">
      <Filter>Header Files</Filter>
    </ClInclude>
    <ClInclude Include="src\devices_2\field\field_map\handler\HandlerCreator.h">
      <Filter>Header Files</Filter>
    </ClInclude>
    <ClInclude Include="src\devices_2\field\field_map\common\primitives.h">
      <Filter>Header Files</Filter>
    </ClInclude>
    <ClInclude Include="src\devices_2\field\field_map\geometry\CurveConverter.h">
      <Filter>Header Files</Filter>
    </ClInclude>
    <ClInclude Include="src\devices_2\field\field_map\geometry\PlainConverter.h">
      <Filter>Header Files</Filter>
    </ClInclude>
    <ClInclude Include="src\devices_2\matrix\MDevice.h">
      <Filter>Header Files</Filter>
    </ClInclude>
    <ClInclude Include="src\devices_2\field\field_map\handler\physics\coord\CoordBooster.h">
      <Filter>Header Files</Filter>
    </ClInclude>
    <ClInclude Include="src\devices_2\field\field_map\handler\physics\coord\CoordTransformation.h">
      <Filter>Header Files</Filter>
    </ClInclude>
    <ClInclude Include="src\devices_2\field\field_map\handler\physics\data\FieldMapData.h">
      <Filter>Header Files</Filter>
    </ClInclude>
    <ClInclude Include="src\devices_2\field\field_map\handler\physics\data\FieldMapDataReader.h">
      <Filter>Header Files</Filter>
    </ClInclude>
    <ClInclude Include="src\devices_2\field\field_map\calculation\helper\GeometryHelper.h">
      <Filter>Header Files</Filter>
    </ClInclude>
    <ClInclude Include="src\devices_2\field\field_map\calculation\FCalculator.h">
      <Filter>Header Files</Filter>
    </ClInclude>
    <ClInclude Include="src\devices_2\field\field_map\geometry\geometry.h">
      <Filter>Header Files</Filter>
    </ClInclude>
    <ClInclude Include="src\devices_2\field\FDeviceResolver.h">
      <Filter>Header Files</Filter>
    </ClInclude>
    <ClInclude Include="src\common\DataProps.h">
      <Filter>Header Files</Filter>
    </ClInclude>
    <ClInclude Include="src\devices_2\field\field_map\geometry\ICoordConverter.h">
      <Filter>Header Files</Filter>
    </ClInclude>
  </ItemGroup>
</Project>