<?xml version="1.0" encoding="utf-8"?>
<Project ToolsVersion="4.0" xmlns="http://schemas.microsoft.com/developer/msbuild/2003">
  <ItemGroup>
    <Filter Include="Source Files">
      <UniqueIdentifier>{4FC737F1-C7A5-4376-A066-2A32D752A2FF}</UniqueIdentifier>
      <Extensions>cpp;c;cc;cxx;def;odl;idl;hpj;bat;asm;asmx</Extensions>
    </Filter>
    <Filter Include="Header Files">
      <UniqueIdentifier>{93995380-89BD-4b04-88EB-625FBE52EBFB}</UniqueIdentifier>
      <Extensions>h;hh;hpp;hxx;hm;inl;inc;xsd</Extensions>
    </Filter>
    <Filter Include="Resource Files">
      <UniqueIdentifier>{67DA6AB6-F800-4c08-8B7A-83BB121AAD01}</UniqueIdentifier>
      <Extensions>rc;ico;cur;bmp;dlg;rc2;rct;bin;rgs;gif;jpg;jpeg;jpe;resx;tiff;tif;png;wav;mfcribbon-ms</Extensions>
    </Filter>
  </ItemGroup>
  <ItemGroup>
    <ClCompile Include="src\beam\BeamParameters.cpp">
      <Filter>Source Files</Filter>
    </ClCompile>
    <ClCompile Include="src\beam\CBeam.cpp">
      <Filter>Source Files</Filter>
    </ClCompile>
    <ClCompile Include="src\device\CDevice.cpp">
      <Filter>Source Files</Filter>
    </ClCompile>
    <ClCompile Include="src\device\DeviceParameters.cpp">
      <Filter>Source Files</Filter>
    </ClCompile>
    <ClCompile Include="src\device\devices\cdipole.cpp">
      <Filter>Source Files</Filter>
    </ClCompile>
    <ClCompile Include="src\device\devices\cdrift.cpp">
      <Filter>Source Files</Filter>
    </ClCompile>
    <ClCompile Include="src\device\devices\cquadrupole.cpp">
      <Filter>Source Files</Filter>
    </ClCompile>
    <ClCompile Include="src\device\devices\csextupole.cpp">
      <Filter>Source Files</Filter>
    </ClCompile>
    <ClCompile Include="src\main.cpp">
      <Filter>Source Files</Filter>
    </ClCompile>
    <ClCompile Include="src\ring\CRing.cpp">
      <Filter>Source Files</Filter>
    </ClCompile>
    <ClCompile Include="src\ring\RingConfig.cpp">
      <Filter>Source Files</Filter>
    </ClCompile>
    <ClCompile Include="src\common\logger\Logger.cpp">
      <Filter>Source Files</Filter>
    </ClCompile>
    <ClCompile Include="src\common\plotter\Plotter.cpp">
      <Filter>Source Files</Filter>
    </ClCompile>
    <ClCompile Include="src\analysis\FreqAnalyzer.cpp">
      <Filter>Source Files</Filter>
    </ClCompile>
  </ItemGroup>
  <ItemGroup>
    <ClInclude Include="src\beam\BeamParameters.h">
      <Filter>Header Files</Filter>
    </ClInclude>
    <ClInclude Include="src\beam\CBeam.h">
      <Filter>Header Files</Filter>
    </ClInclude>
    <ClInclude Include="src\device\CDevice.h">
      <Filter>Header Files</Filter>
    </ClInclude>
    <ClInclude Include="src\device\DeviceParameters.h">
      <Filter>Header Files</Filter>
    </ClInclude>
    <ClInclude Include="src\device\devices\cdipole.h">
      <Filter>Header Files</Filter>
    </ClInclude>
    <ClInclude Include="src\device\devices\cdrift.h">
      <Filter>Header Files</Filter>
    </ClInclude>
    <ClInclude Include="src\device\devices\cquadrupole.h">
      <Filter>Header Files</Filter>
    </ClInclude>
    <ClInclude Include="src\device\devices\csextupole.h">
      <Filter>Header Files</Filter>
    </ClInclude>
    <ClInclude Include="src\ring\CRing.h">
      <Filter>Header Files</Filter>
    </ClInclude>
    <ClInclude Include="src\global.h">
      <Filter>Header Files</Filter>
    </ClInclude>
    <ClInclude Include="src\ring\RingConfig.h">
      <Filter>Header Files</Filter>
    </ClInclude>
    <ClInclude Include="src\common\logger\Logger.h">
      <Filter>Header Files</Filter>
    </ClInclude>
    <ClInclude Include="src\common\plotter\Plotter.h">
      <Filter>Header Files</Filter>
    </ClInclude>
    <ClInclude Include="src\analysis\FreqAnalyzer.h">
      <Filter>Header Files</Filter>
    </ClInclude>
  </ItemGroup>
</Project>